// !$*UTF8*$!
{
	archiveVersion = 1;
	classes = {
	};
	objectVersion = 50;
	objects = {

/* Begin PBXBuildFile section */
		4310D4782643E5D100B9FB85 /* VaccinationCenterAnnotation.swift in Sources */ = {isa = PBXBuildFile; fileRef = 4310D4772643E5D100B9FB85 /* VaccinationCenterAnnotation.swift */; };
		4310D47A264403BE00B9FB85 /* BaseTabBarController.swift in Sources */ = {isa = PBXBuildFile; fileRef = 4310D479264403BE00B9FB85 /* BaseTabBarController.swift */; };
		4332445F264025F2003E06FD /* AppDelegate.swift in Sources */ = {isa = PBXBuildFile; fileRef = 4332445E264025F2003E06FD /* AppDelegate.swift */; };
		43324461264025F2003E06FD /* SceneDelegate.swift in Sources */ = {isa = PBXBuildFile; fileRef = 43324460264025F2003E06FD /* SceneDelegate.swift */; };
		43324466264025F2003E06FD /* Main.storyboard in Resources */ = {isa = PBXBuildFile; fileRef = 43324464264025F2003E06FD /* Main.storyboard */; };
		43324468264025F4003E06FD /* Assets.xcassets in Resources */ = {isa = PBXBuildFile; fileRef = 43324467264025F4003E06FD /* Assets.xcassets */; };
		4332446B264025F4003E06FD /* LaunchScreen.storyboard in Resources */ = {isa = PBXBuildFile; fileRef = 43324469264025F4003E06FD /* LaunchScreen.storyboard */; };
		43324476264025F4003E06FD /* Project1Tests.swift in Sources */ = {isa = PBXBuildFile; fileRef = 43324475264025F4003E06FD /* Project1Tests.swift */; };
		43324481264025F4003E06FD /* Project1UITests.swift in Sources */ = {isa = PBXBuildFile; fileRef = 43324480264025F4003E06FD /* Project1UITests.swift */; };
		4332448F26402CDF003E06FD /* README.md in Resources */ = {isa = PBXBuildFile; fileRef = 4332448E26402CDF003E06FD /* README.md */; };
		4332449426404510003E06FD /* SecondTabViewController.swift in Sources */ = {isa = PBXBuildFile; fileRef = 4332449326404510003E06FD /* SecondTabViewController.swift */; };
		4332449C26405071003E06FD /* TableViewController.swift in Sources */ = {isa = PBXBuildFile; fileRef = 4332449B26405071003E06FD /* TableViewController.swift */; };
		43478DEF2640732200302CC0 /* VaccinationCenter.swift in Sources */ = {isa = PBXBuildFile; fileRef = 43478DEE2640732200302CC0 /* VaccinationCenter.swift */; };
		434E7FB6264179D800F25F84 /* DetailsViewController.swift in Sources */ = {isa = PBXBuildFile; fileRef = 434E7FB5264179D800F25F84 /* DetailsViewController.swift */; };
		434E7FB826419CAA00F25F84 /* ImageViewController.swift in Sources */ = {isa = PBXBuildFile; fileRef = 434E7FB726419CA900F25F84 /* ImageViewController.swift */; };
/* End PBXBuildFile section */

/* Begin PBXContainerItemProxy section */
		43324472264025F4003E06FD /* PBXContainerItemProxy */ = {
			isa = PBXContainerItemProxy;
			containerPortal = 43324453264025F2003E06FD /* Project object */;
			proxyType = 1;
			remoteGlobalIDString = 4332445A264025F2003E06FD;
			remoteInfo = Project1;
		};
		4332447D264025F4003E06FD /* PBXContainerItemProxy */ = {
			isa = PBXContainerItemProxy;
			containerPortal = 43324453264025F2003E06FD /* Project object */;
			proxyType = 1;
			remoteGlobalIDString = 4332445A264025F2003E06FD;
			remoteInfo = Project1;
		};
/* End PBXContainerItemProxy section */

/* Begin PBXFileReference section */
		4310D4772643E5D100B9FB85 /* VaccinationCenterAnnotation.swift */ = {isa = PBXFileReference; lastKnownFileType = sourcecode.swift; path = VaccinationCenterAnnotation.swift; sourceTree = "<group>"; };
		4310D479264403BE00B9FB85 /* BaseTabBarController.swift */ = {isa = PBXFileReference; lastKnownFileType = sourcecode.swift; path = BaseTabBarController.swift; sourceTree = "<group>"; };
		4332445B264025F2003E06FD /* Project1.app */ = {isa = PBXFileReference; explicitFileType = wrapper.application; includeInIndex = 0; path = Project1.app; sourceTree = BUILT_PRODUCTS_DIR; };
		4332445E264025F2003E06FD /* AppDelegate.swift */ = {isa = PBXFileReference; lastKnownFileType = sourcecode.swift; path = AppDelegate.swift; sourceTree = "<group>"; };
		43324460264025F2003E06FD /* SceneDelegate.swift */ = {isa = PBXFileReference; lastKnownFileType = sourcecode.swift; path = SceneDelegate.swift; sourceTree = "<group>"; };
		43324465264025F2003E06FD /* Base */ = {isa = PBXFileReference; lastKnownFileType = file.storyboard; name = Base; path = Base.lproj/Main.storyboard; sourceTree = "<group>"; };
		43324467264025F4003E06FD /* Assets.xcassets */ = {isa = PBXFileReference; lastKnownFileType = folder.assetcatalog; path = Assets.xcassets; sourceTree = "<group>"; };
		4332446A264025F4003E06FD /* Base */ = {isa = PBXFileReference; lastKnownFileType = file.storyboard; name = Base; path = Base.lproj/LaunchScreen.storyboard; sourceTree = "<group>"; };
		4332446C264025F4003E06FD /* Info.plist */ = {isa = PBXFileReference; lastKnownFileType = text.plist.xml; path = Info.plist; sourceTree = "<group>"; };
		43324471264025F4003E06FD /* Project1Tests.xctest */ = {isa = PBXFileReference; explicitFileType = wrapper.cfbundle; includeInIndex = 0; path = Project1Tests.xctest; sourceTree = BUILT_PRODUCTS_DIR; };
		43324475264025F4003E06FD /* Project1Tests.swift */ = {isa = PBXFileReference; lastKnownFileType = sourcecode.swift; path = Project1Tests.swift; sourceTree = "<group>"; };
		43324477264025F4003E06FD /* Info.plist */ = {isa = PBXFileReference; lastKnownFileType = text.plist.xml; path = Info.plist; sourceTree = "<group>"; };
		4332447C264025F4003E06FD /* Project1UITests.xctest */ = {isa = PBXFileReference; explicitFileType = wrapper.cfbundle; includeInIndex = 0; path = Project1UITests.xctest; sourceTree = BUILT_PRODUCTS_DIR; };
		43324480264025F4003E06FD /* Project1UITests.swift */ = {isa = PBXFileReference; lastKnownFileType = sourcecode.swift; path = Project1UITests.swift; sourceTree = "<group>"; };
		43324482264025F4003E06FD /* Info.plist */ = {isa = PBXFileReference; lastKnownFileType = text.plist.xml; path = Info.plist; sourceTree = "<group>"; };
		4332448E26402CDF003E06FD /* README.md */ = {isa = PBXFileReference; lastKnownFileType = net.daringfireball.markdown; path = README.md; sourceTree = "<group>"; };
		4332449326404510003E06FD /* SecondTabViewController.swift */ = {isa = PBXFileReference; lastKnownFileType = sourcecode.swift; path = SecondTabViewController.swift; sourceTree = "<group>"; };
		4332449B26405071003E06FD /* TableViewController.swift */ = {isa = PBXFileReference; lastKnownFileType = sourcecode.swift; name = TableViewController.swift; path = Project1/TableViewController.swift; sourceTree = SOURCE_ROOT; };
		43478DEE2640732200302CC0 /* VaccinationCenter.swift */ = {isa = PBXFileReference; lastKnownFileType = sourcecode.swift; path = VaccinationCenter.swift; sourceTree = "<group>"; };
		434E7FB5264179D800F25F84 /* DetailsViewController.swift */ = {isa = PBXFileReference; lastKnownFileType = sourcecode.swift; path = DetailsViewController.swift; sourceTree = "<group>"; };
		434E7FB726419CA900F25F84 /* ImageViewController.swift */ = {isa = PBXFileReference; lastKnownFileType = sourcecode.swift; path = ImageViewController.swift; sourceTree = "<group>"; };
/* End PBXFileReference section */

/* Begin PBXFrameworksBuildPhase section */
		43324458264025F2003E06FD /* Frameworks */ = {
			isa = PBXFrameworksBuildPhase;
			buildActionMask = 2147483647;
			files = (
			);
			runOnlyForDeploymentPostprocessing = 0;
		};
		4332446E264025F4003E06FD /* Frameworks */ = {
			isa = PBXFrameworksBuildPhase;
			buildActionMask = 2147483647;
			files = (
			);
			runOnlyForDeploymentPostprocessing = 0;
		};
		43324479264025F4003E06FD /* Frameworks */ = {
			isa = PBXFrameworksBuildPhase;
			buildActionMask = 2147483647;
			files = (
			);
			runOnlyForDeploymentPostprocessing = 0;
		};
/* End PBXFrameworksBuildPhase section */

/* Begin PBXGroup section */
		432D5ECB26452AB000863B46 /* Resources */ = {
			isa = PBXGroup;
			children = (
				4332445E264025F2003E06FD /* AppDelegate.swift */,
				43324460264025F2003E06FD /* SceneDelegate.swift */,
				43324464264025F2003E06FD /* Main.storyboard */,
				43324469264025F4003E06FD /* LaunchScreen.storyboard */,
				4332446C264025F4003E06FD /* Info.plist */,
				43324467264025F4003E06FD /* Assets.xcassets */,
			);
			path = Resources;
			sourceTree = "<group>";
		};
		43324452264025F2003E06FD = {
			isa = PBXGroup;
			children = (
				4332448E26402CDF003E06FD /* README.md */,
				4332445D264025F2003E06FD /* Project1 */,
				43324474264025F4003E06FD /* Project1Tests */,
				4332447F264025F4003E06FD /* Project1UITests */,
				4332445C264025F2003E06FD /* Products */,
			);
			sourceTree = "<group>";
		};
		4332445C264025F2003E06FD /* Products */ = {
			isa = PBXGroup;
			children = (
				4332445B264025F2003E06FD /* Project1.app */,
				43324471264025F4003E06FD /* Project1Tests.xctest */,
				4332447C264025F4003E06FD /* Project1UITests.xctest */,
			);
			name = Products;
			sourceTree = "<group>";
		};
		4332445D264025F2003E06FD /* Project1 */ = {
			isa = PBXGroup;
			children = (
				43478DED2640730400302CC0 /* Models */,
				432D5ECB26452AB000863B46 /* Resources */,
				4332449026404495003E06FD /* ViewControllers */,
			);
			path = Project1;
			sourceTree = "<group>";
		};
		43324474264025F4003E06FD /* Project1Tests */ = {
			isa = PBXGroup;
			children = (
				43324475264025F4003E06FD /* Project1Tests.swift */,
				43324477264025F4003E06FD /* Info.plist */,
			);
			path = Project1Tests;
			sourceTree = "<group>";
		};
		4332447F264025F4003E06FD /* Project1UITests */ = {
			isa = PBXGroup;
			children = (
				43324480264025F4003E06FD /* Project1UITests.swift */,
				43324482264025F4003E06FD /* Info.plist */,
			);
			path = Project1UITests;
			sourceTree = "<group>";
		};
		4332449026404495003E06FD /* ViewControllers */ = {
			isa = PBXGroup;
			children = (
				4332449B26405071003E06FD /* TableViewController.swift */,
				4332449326404510003E06FD /* SecondTabViewController.swift */,
				434E7FB5264179D800F25F84 /* DetailsViewController.swift */,
				434E7FB726419CA900F25F84 /* ImageViewController.swift */,
				4310D479264403BE00B9FB85 /* BaseTabBarController.swift */,
			);
			path = ViewControllers;
			sourceTree = "<group>";
		};
		43478DED2640730400302CC0 /* Models */ = {
			isa = PBXGroup;
			children = (
				4310D4772643E5D100B9FB85 /* VaccinationCenterAnnotation.swift */,
				43478DEE2640732200302CC0 /* VaccinationCenter.swift */,
			);
			path = Models;
			sourceTree = "<group>";
		};
/* End PBXGroup section */

/* Begin PBXNativeTarget section */
		4332445A264025F2003E06FD /* Project1 */ = {
			isa = PBXNativeTarget;
			buildConfigurationList = 43324485264025F4003E06FD /* Build configuration list for PBXNativeTarget "Project1" */;
			buildPhases = (
				43324457264025F2003E06FD /* Sources */,
				43324458264025F2003E06FD /* Frameworks */,
				43324459264025F2003E06FD /* Resources */,
			);
			buildRules = (
			);
			dependencies = (
			);
			name = Project1;
			productName = Project1;
			productReference = 4332445B264025F2003E06FD /* Project1.app */;
			productType = "com.apple.product-type.application";
		};
		43324470264025F4003E06FD /* Project1Tests */ = {
			isa = PBXNativeTarget;
			buildConfigurationList = 43324488264025F4003E06FD /* Build configuration list for PBXNativeTarget "Project1Tests" */;
			buildPhases = (
				4332446D264025F4003E06FD /* Sources */,
				4332446E264025F4003E06FD /* Frameworks */,
				4332446F264025F4003E06FD /* Resources */,
			);
			buildRules = (
			);
			dependencies = (
				43324473264025F4003E06FD /* PBXTargetDependency */,
			);
			name = Project1Tests;
			productName = Project1Tests;
			productReference = 43324471264025F4003E06FD /* Project1Tests.xctest */;
			productType = "com.apple.product-type.bundle.unit-test";
		};
		4332447B264025F4003E06FD /* Project1UITests */ = {
			isa = PBXNativeTarget;
			buildConfigurationList = 4332448B264025F4003E06FD /* Build configuration list for PBXNativeTarget "Project1UITests" */;
			buildPhases = (
				43324478264025F4003E06FD /* Sources */,
				43324479264025F4003E06FD /* Frameworks */,
				4332447A264025F4003E06FD /* Resources */,
			);
			buildRules = (
			);
			dependencies = (
				4332447E264025F4003E06FD /* PBXTargetDependency */,
			);
			name = Project1UITests;
			productName = Project1UITests;
			productReference = 4332447C264025F4003E06FD /* Project1UITests.xctest */;
			productType = "com.apple.product-type.bundle.ui-testing";
		};
/* End PBXNativeTarget section */

/* Begin PBXProject section */
		43324453264025F2003E06FD /* Project object */ = {
			isa = PBXProject;
			attributes = {
				LastSwiftUpdateCheck = 1250;
				LastUpgradeCheck = 1250;
				TargetAttributes = {
					4332445A264025F2003E06FD = {
						CreatedOnToolsVersion = 12.5;
					};
					43324470264025F4003E06FD = {
						CreatedOnToolsVersion = 12.5;
						TestTargetID = 4332445A264025F2003E06FD;
					};
					4332447B264025F4003E06FD = {
						CreatedOnToolsVersion = 12.5;
						TestTargetID = 4332445A264025F2003E06FD;
					};
				};
			};
			buildConfigurationList = 43324456264025F2003E06FD /* Build configuration list for PBXProject "Project1" */;
			compatibilityVersion = "Xcode 9.3";
			developmentRegion = en;
			hasScannedForEncodings = 0;
			knownRegions = (
				en,
				Base,
			);
			mainGroup = 43324452264025F2003E06FD;
			productRefGroup = 4332445C264025F2003E06FD /* Products */;
			projectDirPath = "";
			projectRoot = "";
			targets = (
				4332445A264025F2003E06FD /* Project1 */,
				43324470264025F4003E06FD /* Project1Tests */,
				4332447B264025F4003E06FD /* Project1UITests */,
			);
		};
/* End PBXProject section */

/* Begin PBXResourcesBuildPhase section */
		43324459264025F2003E06FD /* Resources */ = {
			isa = PBXResourcesBuildPhase;
			buildActionMask = 2147483647;
			files = (
				4332446B264025F4003E06FD /* LaunchScreen.storyboard in Resources */,
				43324468264025F4003E06FD /* Assets.xcassets in Resources */,
				4332448F26402CDF003E06FD /* README.md in Resources */,
				43324466264025F2003E06FD /* Main.storyboard in Resources */,
			);
			runOnlyForDeploymentPostprocessing = 0;
		};
		4332446F264025F4003E06FD /* Resources */ = {
			isa = PBXResourcesBuildPhase;
			buildActionMask = 2147483647;
			files = (
			);
			runOnlyForDeploymentPostprocessing = 0;
		};
		4332447A264025F4003E06FD /* Resources */ = {
			isa = PBXResourcesBuildPhase;
			buildActionMask = 2147483647;
			files = (
			);
			runOnlyForDeploymentPostprocessing = 0;
		};
/* End PBXResourcesBuildPhase section */

/* Begin PBXSourcesBuildPhase section */
		43324457264025F2003E06FD /* Sources */ = {
			isa = PBXSourcesBuildPhase;
			buildActionMask = 2147483647;
			files = (
				43478DEF2640732200302CC0 /* VaccinationCenter.swift in Sources */,
				4332445F264025F2003E06FD /* AppDelegate.swift in Sources */,
				4332449426404510003E06FD /* SecondTabViewController.swift in Sources */,
				4310D47A264403BE00B9FB85 /* BaseTabBarController.swift in Sources */,
				434E7FB826419CAA00F25F84 /* ImageViewController.swift in Sources */,
				43324461264025F2003E06FD /* SceneDelegate.swift in Sources */,
				4310D4782643E5D100B9FB85 /* VaccinationCenterAnnotation.swift in Sources */,
				4332449C26405071003E06FD /* TableViewController.swift in Sources */,
				434E7FB6264179D800F25F84 /* DetailsViewController.swift in Sources */,
			);
			runOnlyForDeploymentPostprocessing = 0;
		};
		4332446D264025F4003E06FD /* Sources */ = {
			isa = PBXSourcesBuildPhase;
			buildActionMask = 2147483647;
			files = (
				43324476264025F4003E06FD /* Project1Tests.swift in Sources */,
			);
			runOnlyForDeploymentPostprocessing = 0;
		};
		43324478264025F4003E06FD /* Sources */ = {
			isa = PBXSourcesBuildPhase;
			buildActionMask = 2147483647;
			files = (
				43324481264025F4003E06FD /* Project1UITests.swift in Sources */,
			);
			runOnlyForDeploymentPostprocessing = 0;
		};
/* End PBXSourcesBuildPhase section */

/* Begin PBXTargetDependency section */
		43324473264025F4003E06FD /* PBXTargetDependency */ = {
			isa = PBXTargetDependency;
			target = 4332445A264025F2003E06FD /* Project1 */;
			targetProxy = 43324472264025F4003E06FD /* PBXContainerItemProxy */;
		};
		4332447E264025F4003E06FD /* PBXTargetDependency */ = {
			isa = PBXTargetDependency;
			target = 4332445A264025F2003E06FD /* Project1 */;
			targetProxy = 4332447D264025F4003E06FD /* PBXContainerItemProxy */;
		};
/* End PBXTargetDependency section */

/* Begin PBXVariantGroup section */
		43324464264025F2003E06FD /* Main.storyboard */ = {
			isa = PBXVariantGroup;
			children = (
				43324465264025F2003E06FD /* Base */,
			);
			name = Main.storyboard;
			sourceTree = "<group>";
		};
		43324469264025F4003E06FD /* LaunchScreen.storyboard */ = {
			isa = PBXVariantGroup;
			children = (
				4332446A264025F4003E06FD /* Base */,
			);
			name = LaunchScreen.storyboard;
			sourceTree = "<group>";
		};
/* End PBXVariantGroup section */

/* Begin XCBuildConfiguration section */
		43324483264025F4003E06FD /* Debug */ = {
			isa = XCBuildConfiguration;
			buildSettings = {
				ALWAYS_SEARCH_USER_PATHS = NO;
				CLANG_ANALYZER_NONNULL = YES;
				CLANG_ANALYZER_NUMBER_OBJECT_CONVERSION = YES_AGGRESSIVE;
				CLANG_CXX_LANGUAGE_STANDARD = "gnu++14";
				CLANG_CXX_LIBRARY = "libc++";
				CLANG_ENABLE_MODULES = YES;
				CLANG_ENABLE_OBJC_ARC = YES;
				CLANG_ENABLE_OBJC_WEAK = YES;
				CLANG_WARN_BLOCK_CAPTURE_AUTORELEASING = YES;
				CLANG_WARN_BOOL_CONVERSION = YES;
				CLANG_WARN_COMMA = YES;
				CLANG_WARN_CONSTANT_CONVERSION = YES;
				CLANG_WARN_DEPRECATED_OBJC_IMPLEMENTATIONS = YES;
				CLANG_WARN_DIRECT_OBJC_ISA_USAGE = YES_ERROR;
				CLANG_WARN_DOCUMENTATION_COMMENTS = YES;
				CLANG_WARN_EMPTY_BODY = YES;
				CLANG_WARN_ENUM_CONVERSION = YES;
				CLANG_WARN_INFINITE_RECURSION = YES;
				CLANG_WARN_INT_CONVERSION = YES;
				CLANG_WARN_NON_LITERAL_NULL_CONVERSION = YES;
				CLANG_WARN_OBJC_IMPLICIT_RETAIN_SELF = YES;
				CLANG_WARN_OBJC_LITERAL_CONVERSION = YES;
				CLANG_WARN_OBJC_ROOT_CLASS = YES_ERROR;
				CLANG_WARN_QUOTED_INCLUDE_IN_FRAMEWORK_HEADER = YES;
				CLANG_WARN_RANGE_LOOP_ANALYSIS = YES;
				CLANG_WARN_STRICT_PROTOTYPES = YES;
				CLANG_WARN_SUSPICIOUS_MOVE = YES;
				CLANG_WARN_UNGUARDED_AVAILABILITY = YES_AGGRESSIVE;
				CLANG_WARN_UNREACHABLE_CODE = YES;
				CLANG_WARN__DUPLICATE_METHOD_MATCH = YES;
				COPY_PHASE_STRIP = NO;
				DEBUG_INFORMATION_FORMAT = dwarf;
				ENABLE_STRICT_OBJC_MSGSEND = YES;
				ENABLE_TESTABILITY = YES;
				GCC_C_LANGUAGE_STANDARD = gnu11;
				GCC_DYNAMIC_NO_PIC = NO;
				GCC_NO_COMMON_BLOCKS = YES;
				GCC_OPTIMIZATION_LEVEL = 0;
				GCC_PREPROCESSOR_DEFINITIONS = (
					"DEBUG=1",
					"$(inherited)",
				);
				GCC_WARN_64_TO_32_BIT_CONVERSION = YES;
				GCC_WARN_ABOUT_RETURN_TYPE = YES_ERROR;
				GCC_WARN_UNDECLARED_SELECTOR = YES;
				GCC_WARN_UNINITIALIZED_AUTOS = YES_AGGRESSIVE;
				GCC_WARN_UNUSED_FUNCTION = YES;
				GCC_WARN_UNUSED_VARIABLE = YES;
				IPHONEOS_DEPLOYMENT_TARGET = 14.5;
				MTL_ENABLE_DEBUG_INFO = INCLUDE_SOURCE;
				MTL_FAST_MATH = YES;
				ONLY_ACTIVE_ARCH = YES;
				SDKROOT = iphoneos;
				SWIFT_ACTIVE_COMPILATION_CONDITIONS = DEBUG;
				SWIFT_OPTIMIZATION_LEVEL = "-Onone";
			};
			name = Debug;
		};
		43324484264025F4003E06FD /* Release */ = {
			isa = XCBuildConfiguration;
			buildSettings = {
				ALWAYS_SEARCH_USER_PATHS = NO;
				CLANG_ANALYZER_NONNULL = YES;
				CLANG_ANALYZER_NUMBER_OBJECT_CONVERSION = YES_AGGRESSIVE;
				CLANG_CXX_LANGUAGE_STANDARD = "gnu++14";
				CLANG_CXX_LIBRARY = "libc++";
				CLANG_ENABLE_MODULES = YES;
				CLANG_ENABLE_OBJC_ARC = YES;
				CLANG_ENABLE_OBJC_WEAK = YES;
				CLANG_WARN_BLOCK_CAPTURE_AUTORELEASING = YES;
				CLANG_WARN_BOOL_CONVERSION = YES;
				CLANG_WARN_COMMA = YES;
				CLANG_WARN_CONSTANT_CONVERSION = YES;
				CLANG_WARN_DEPRECATED_OBJC_IMPLEMENTATIONS = YES;
				CLANG_WARN_DIRECT_OBJC_ISA_USAGE = YES_ERROR;
				CLANG_WARN_DOCUMENTATION_COMMENTS = YES;
				CLANG_WARN_EMPTY_BODY = YES;
				CLANG_WARN_ENUM_CONVERSION = YES;
				CLANG_WARN_INFINITE_RECURSION = YES;
				CLANG_WARN_INT_CONVERSION = YES;
				CLANG_WARN_NON_LITERAL_NULL_CONVERSION = YES;
				CLANG_WARN_OBJC_IMPLICIT_RETAIN_SELF = YES;
				CLANG_WARN_OBJC_LITERAL_CONVERSION = YES;
				CLANG_WARN_OBJC_ROOT_CLASS = YES_ERROR;
				CLANG_WARN_QUOTED_INCLUDE_IN_FRAMEWORK_HEADER = YES;
				CLANG_WARN_RANGE_LOOP_ANALYSIS = YES;
				CLANG_WARN_STRICT_PROTOTYPES = YES;
				CLANG_WARN_SUSPICIOUS_MOVE = YES;
				CLANG_WARN_UNGUARDED_AVAILABILITY = YES_AGGRESSIVE;
				CLANG_WARN_UNREACHABLE_CODE = YES;
				CLANG_WARN__DUPLICATE_METHOD_MATCH = YES;
				COPY_PHASE_STRIP = NO;
				DEBUG_INFORMATION_FORMAT = "dwarf-with-dsym";
				ENABLE_NS_ASSERTIONS = NO;
				ENABLE_STRICT_OBJC_MSGSEND = YES;
				GCC_C_LANGUAGE_STANDARD = gnu11;
				GCC_NO_COMMON_BLOCKS = YES;
				GCC_WARN_64_TO_32_BIT_CONVERSION = YES;
				GCC_WARN_ABOUT_RETURN_TYPE = YES_ERROR;
				GCC_WARN_UNDECLARED_SELECTOR = YES;
				GCC_WARN_UNINITIALIZED_AUTOS = YES_AGGRESSIVE;
				GCC_WARN_UNUSED_FUNCTION = YES;
				GCC_WARN_UNUSED_VARIABLE = YES;
				IPHONEOS_DEPLOYMENT_TARGET = 14.5;
				MTL_ENABLE_DEBUG_INFO = NO;
				MTL_FAST_MATH = YES;
				SDKROOT = iphoneos;
				SWIFT_COMPILATION_MODE = wholemodule;
				SWIFT_OPTIMIZATION_LEVEL = "-O";
				VALIDATE_PRODUCT = YES;
			};
			name = Release;
		};
		43324486264025F4003E06FD /* Debug */ = {
			isa = XCBuildConfiguration;
			buildSettings = {
				ASSETCATALOG_COMPILER_APPICON_NAME = AppIcon;
				ASSETCATALOG_COMPILER_GLOBAL_ACCENT_COLOR_NAME = AccentColor;
				CODE_SIGN_STYLE = Automatic;
				DEVELOPMENT_TEAM = 5KU52597TU;
				INFOPLIST_FILE = Project1/Resources/Info.plist;
				LD_RUNPATH_SEARCH_PATHS = (
					"$(inherited)",
					"@executable_path/Frameworks",
				);
				PRODUCT_BUNDLE_IDENTIFIER = com.bracketswideopen.Project1;
				PRODUCT_NAME = "$(TARGET_NAME)";
				SWIFT_VERSION = 5.0;
				TARGETED_DEVICE_FAMILY = "1,2";
			};
			name = Debug;
		};
		43324487264025F4003E06FD /* Release */ = {
			isa = XCBuildConfiguration;
			buildSettings = {
				ASSETCATALOG_COMPILER_APPICON_NAME = AppIcon;
				ASSETCATALOG_COMPILER_GLOBAL_ACCENT_COLOR_NAME = AccentColor;
				CODE_SIGN_STYLE = Automatic;
				DEVELOPMENT_TEAM = 5KU52597TU;
				INFOPLIST_FILE = Project1/Resources/Info.plist;
				LD_RUNPATH_SEARCH_PATHS = (
					"$(inherited)",
					"@executable_path/Frameworks",
				);
				PRODUCT_BUNDLE_IDENTIFIER = com.bracketswideopen.Project1;
				PRODUCT_NAME = "$(TARGET_NAME)";
				SWIFT_VERSION = 5.0;
				TARGETED_DEVICE_FAMILY = "1,2";
			};
			name = Release;
		};
		43324489264025F4003E06FD /* Debug */ = {
			isa = XCBuildConfiguration;
			buildSettings = {
				ALWAYS_EMBED_SWIFT_STANDARD_LIBRARIES = YES;
				BUNDLE_LOADER = "$(TEST_HOST)";
				CODE_SIGN_STYLE = Automatic;
				DEVELOPMENT_TEAM = 5KU52597TU;
				INFOPLIST_FILE = Project1Tests/Info.plist;
				IPHONEOS_DEPLOYMENT_TARGET = 14.5;
				LD_RUNPATH_SEARCH_PATHS = (
					"$(inherited)",
					"@executable_path/Frameworks",
					"@loader_path/Frameworks",
				);
				PRODUCT_BUNDLE_IDENTIFIER = com.bracketswideopen.Project1Tests;
				PRODUCT_NAME = "$(TARGET_NAME)";
				SWIFT_VERSION = 5.0;
				TARGETED_DEVICE_FAMILY = "1,2";
				TEST_HOST = "$(BUILT_PRODUCTS_DIR)/Project1.app/Project1";
			};
			name = Debug;
		};
		4332448A264025F4003E06FD /* Release */ = {
			isa = XCBuildConfiguration;
			buildSettings = {
				ALWAYS_EMBED_SWIFT_STANDARD_LIBRARIES = YES;
				BUNDLE_LOADER = "$(TEST_HOST)";
				CODE_SIGN_STYLE = Automatic;
				DEVELOPMENT_TEAM = 5KU52597TU;
				INFOPLIST_FILE = Project1Tests/Info.plist;
				IPHONEOS_DEPLOYMENT_TARGET = 14.5;
				LD_RUNPATH_SEARCH_PATHS = (
					"$(inherited)",
					"@executable_path/Frameworks",
					"@loader_path/Frameworks",
				);
				PRODUCT_BUNDLE_IDENTIFIER = com.bracketswideopen.Project1Tests;
				PRODUCT_NAME = "$(TARGET_NAME)";
				SWIFT_VERSION = 5.0;
				TARGETED_DEVICE_FAMILY = "1,2";
				TEST_HOST = "$(BUILT_PRODUCTS_DIR)/Project1.app/Project1";
			};
			name = Release;
		};
		4332448C264025F4003E06FD /* Debug */ = {
			isa = XCBuildConfiguration;
			buildSettings = {
				ALWAYS_EMBED_SWIFT_STANDARD_LIBRARIES = YES;
				CODE_SIGN_STYLE = Automatic;
				DEVELOPMENT_TEAM = 5KU52597TU;
				INFOPLIST_FILE = Project1UITests/Info.plist;
				LD_RUNPATH_SEARCH_PATHS = (
					"$(inherited)",
					"@executable_path/Frameworks",
					"@loader_path/Frameworks",
				);
				PRODUCT_BUNDLE_IDENTIFIER = com.bracketswideopen.Project1UITests;
				PRODUCT_NAME = "$(TARGET_NAME)";
				SWIFT_VERSION = 5.0;
				TARGETED_DEVICE_FAMILY = "1,2";
				TEST_TARGET_NAME = Project1;
			};
			name = Debug;
		};
		4332448D264025F4003E06FD /* Release */ = {
			isa = XCBuildConfiguration;
			buildSettings = {
				ALWAYS_EMBED_SWIFT_STANDARD_LIBRARIES = YES;
				CODE_SIGN_STYLE = Automatic;
				DEVELOPMENT_TEAM = 5KU52597TU;
				INFOPLIST_FILE = Project1UITests/Info.plist;
				LD_RUNPATH_SEARCH_PATHS = (
					"$(inherited)",
					"@executable_path/Frameworks",
					"@loader_path/Frameworks",
				);
				PRODUCT_BUNDLE_IDENTIFIER = com.bracketswideopen.Project1UITests;
				PRODUCT_NAME = "$(TARGET_NAME)";
				SWIFT_VERSION = 5.0;
				TARGETED_DEVICE_FAMILY = "1,2";
				TEST_TARGET_NAME = Project1;
			};
			name = Release;
		};
/* End XCBuildConfiguration section */

/* Begin XCConfigurationList section */
		43324456264025F2003E06FD /* Build configuration list for PBXProject "Project1" */ = {
			isa = XCConfigurationList;
			buildConfigurations = (
				43324483264025F4003E06FD /* Debug */,
				43324484264025F4003E06FD /* Release */,
			);
			defaultConfigurationIsVisible = 0;
			defaultConfigurationName = Release;
		};
		43324485264025F4003E06FD /* Build configuration list for PBXNativeTarget "Project1" */ = {
			isa = XCConfigurationList;
			buildConfigurations = (
				43324486264025F4003E06FD /* Debug */,
				43324487264025F4003E06FD /* Release */,
			);
			defaultConfigurationIsVisible = 0;
			defaultConfigurationName = Release;
		};
		43324488264025F4003E06FD /* Build configuration list for PBXNativeTarget "Project1Tests" */ = {
			isa = XCConfigurationList;
			buildConfigurations = (
				43324489264025F4003E06FD /* Debug */,
				4332448A264025F4003E06FD /* Release */,
			);
			defaultConfigurationIsVisible = 0;
			defaultConfigurationName = Release;
		};
		4332448B264025F4003E06FD /* Build configuration list for PBXNativeTarget "Project1UITests" */ = {
			isa = XCConfigurationList;
			buildConfigurations = (
				4332448C264025F4003E06FD /* Debug */,
				4332448D264025F4003E06FD /* Release */,
			);
			defaultConfigurationIsVisible = 0;
			defaultConfigurationName = Release;
		};
/* End XCConfigurationList section */
	};
	rootObject = 43324453264025F2003E06FD /* Project object */;
}
